// !$*UTF8*$!
{
	archiveVersion = 1;
	classes = {
	};
	objectVersion = 50;
	objects = {

/* Begin PBXBuildFile section */
		520FA24322103E32004CD515 /* SearchTableViewController.swift in Sources */ = {isa = PBXBuildFile; fileRef = 520FA23F22103E31004CD515 /* SearchTableViewController.swift */; };
		520FA24422103E32004CD515 /* DrugInfoTableViewController.swift in Sources */ = {isa = PBXBuildFile; fileRef = 520FA24022103E31004CD515 /* DrugInfoTableViewController.swift */; };
		520FA24522103E32004CD515 /* WebViewController.swift in Sources */ = {isa = PBXBuildFile; fileRef = 520FA24122103E31004CD515 /* WebViewController.swift */; };
		520FA24622103E32004CD515 /* DrugAddTableViewController.swift in Sources */ = {isa = PBXBuildFile; fileRef = 520FA24222103E31004CD515 /* DrugAddTableViewController.swift */; };
		5234878421E82403004BB1F3 /* AppDelegate.swift in Sources */ = {isa = PBXBuildFile; fileRef = 5234878321E82403004BB1F3 /* AppDelegate.swift */; };
		5234878921E82403004BB1F3 /* Main.storyboard in Resources */ = {isa = PBXBuildFile; fileRef = 5234878721E82403004BB1F3 /* Main.storyboard */; };
		5234878E21E82404004BB1F3 /* LaunchScreen.storyboard in Resources */ = {isa = PBXBuildFile; fileRef = 5234878C21E82404004BB1F3 /* LaunchScreen.storyboard */; };
		5237465B22116CF900346BC5 /* EditAlarmInfoTableViewController.swift in Sources */ = {isa = PBXBuildFile; fileRef = 5237465A22116CF900346BC5 /* EditAlarmInfoTableViewController.swift */; };
		5237465D221185D900346BC5 /* EditAlarmRepetitionTableViewController.swift in Sources */ = {isa = PBXBuildFile; fileRef = 5237465C221185D900346BC5 /* EditAlarmRepetitionTableViewController.swift */; };
		5237465F2211944300346BC5 /* EditDrugAddTableViewController.swift in Sources */ = {isa = PBXBuildFile; fileRef = 5237465E2211944300346BC5 /* EditDrugAddTableViewController.swift */; };
		523746682212914D00346BC5 /* Assets.xcassets in Resources */ = {isa = PBXBuildFile; fileRef = 523746672212914C00346BC5 /* Assets.xcassets */; };
		525C84D7220C275F00953458 /* TableViewCell.swift in Sources */ = {isa = PBXBuildFile; fileRef = 525C84D6220C275F00953458 /* TableViewCell.swift */; };
		525C84D9220C3B0600953458 /* MapViewController.swift in Sources */ = {isa = PBXBuildFile; fileRef = 525C84D8220C3B0600953458 /* MapViewController.swift */; };
		527B8FE8220423D1009BCEB0 /* MainTableViewController.swift in Sources */ = {isa = PBXBuildFile; fileRef = 527B8FE7220423D1009BCEB0 /* MainTableViewController.swift */; };
		527B8FED22055F38009BCEB0 /* MedicineZ-Bridging-Header.m in Sources */ = {isa = PBXBuildFile; fileRef = 527B8FEC22055F38009BCEB0 /* MedicineZ-Bridging-Header.m */; };
		52E47353220B02AB00C8D8B7 /* DataCenter.swift in Sources */ = {isa = PBXBuildFile; fileRef = 52E47352220B02AB00C8D8B7 /* DataCenter.swift */; };
		52F3D1BD220D64D8007D2F20 /* AlarmRepetitionTableViewController.swift in Sources */ = {isa = PBXBuildFile; fileRef = 52F3D1BC220D64D8007D2F20 /* AlarmRepetitionTableViewController.swift */; };
		52F3D1C522100E8C007D2F20 /* AlarmInfoTableViewController.swift in Sources */ = {isa = PBXBuildFile; fileRef = 52F3D1C422100E8C007D2F20 /* AlarmInfoTableViewController.swift */; };
		52F519822212FBBE00F8CD40 /* OTPViewController.swift in Sources */ = {isa = PBXBuildFile; fileRef = 52F519812212FBBE00F8CD40 /* OTPViewController.swift */; };
		52F51986221305A700F8CD40 /* SoundSettingTableViewController.swift in Sources */ = {isa = PBXBuildFile; fileRef = 52F51985221305A700F8CD40 /* SoundSettingTableViewController.swift */; };
		52F5198A2213FEEE00F8CD40 /* Pharmacy.swift in Sources */ = {isa = PBXBuildFile; fileRef = 52F519892213FEEE00F8CD40 /* Pharmacy.swift */; };
		52F5198C221437C600F8CD40 /* pharmacy.json in Resources */ = {isa = PBXBuildFile; fileRef = 52F5198B221437C600F8CD40 /* pharmacy.json */; };
		52F897F02202CC4F007E1F0D /* userInfo.swift in Sources */ = {isa = PBXBuildFile; fileRef = 52F897EF2202CC4F007E1F0D /* userInfo.swift */; };
		52F897F22202CEBA007E1F0D /* AddAlarmTableViewController.swift in Sources */ = {isa = PBXBuildFile; fileRef = 52F897F12202CEBA007E1F0D /* AddAlarmTableViewController.swift */; };
/* End PBXBuildFile section */

/* Begin PBXFileReference section */
		520FA23F22103E31004CD515 /* SearchTableViewController.swift */ = {isa = PBXFileReference; fileEncoding = 4; lastKnownFileType = sourcecode.swift; path = SearchTableViewController.swift; sourceTree = "<group>"; };
		520FA24022103E31004CD515 /* DrugInfoTableViewController.swift */ = {isa = PBXFileReference; fileEncoding = 4; lastKnownFileType = sourcecode.swift; path = DrugInfoTableViewController.swift; sourceTree = "<group>"; };
		520FA24122103E31004CD515 /* WebViewController.swift */ = {isa = PBXFileReference; fileEncoding = 4; lastKnownFileType = sourcecode.swift; path = WebViewController.swift; sourceTree = "<group>"; };
		520FA24222103E31004CD515 /* DrugAddTableViewController.swift */ = {isa = PBXFileReference; fileEncoding = 4; lastKnownFileType = sourcecode.swift; path = DrugAddTableViewController.swift; sourceTree = "<group>"; };
		5234878021E82403004BB1F3 /* MedicineZ.app */ = {isa = PBXFileReference; explicitFileType = wrapper.application; includeInIndex = 0; path = MedicineZ.app; sourceTree = BUILT_PRODUCTS_DIR; };
		5234878321E82403004BB1F3 /* AppDelegate.swift */ = {isa = PBXFileReference; lastKnownFileType = sourcecode.swift; path = AppDelegate.swift; sourceTree = "<group>"; };
		5234878821E82403004BB1F3 /* Base */ = {isa = PBXFileReference; lastKnownFileType = file.storyboard; name = Base; path = Base.lproj/Main.storyboard; sourceTree = "<group>"; };
		5234878D21E82404004BB1F3 /* Base */ = {isa = PBXFileReference; lastKnownFileType = file.storyboard; name = Base; path = Base.lproj/LaunchScreen.storyboard; sourceTree = "<group>"; };
		5234878F21E82404004BB1F3 /* Info.plist */ = {isa = PBXFileReference; lastKnownFileType = text.plist.xml; path = Info.plist; sourceTree = "<group>"; };
		52374655221162C200346BC5 /* UserNotifications.framework */ = {isa = PBXFileReference; lastKnownFileType = wrapper.framework; name = UserNotifications.framework; path = System/Library/Frameworks/UserNotifications.framework; sourceTree = SDKROOT; };
		5237465A22116CF900346BC5 /* EditAlarmInfoTableViewController.swift */ = {isa = PBXFileReference; lastKnownFileType = sourcecode.swift; path = EditAlarmInfoTableViewController.swift; sourceTree = "<group>"; };
		5237465C221185D900346BC5 /* EditAlarmRepetitionTableViewController.swift */ = {isa = PBXFileReference; lastKnownFileType = sourcecode.swift; path = EditAlarmRepetitionTableViewController.swift; sourceTree = "<group>"; };
		5237465E2211944300346BC5 /* EditDrugAddTableViewController.swift */ = {isa = PBXFileReference; lastKnownFileType = sourcecode.swift; path = EditDrugAddTableViewController.swift; sourceTree = "<group>"; };
		523746672212914C00346BC5 /* Assets.xcassets */ = {isa = PBXFileReference; lastKnownFileType = folder.assetcatalog; path = Assets.xcassets; sourceTree = "<group>"; };
		525C84D6220C275F00953458 /* TableViewCell.swift */ = {isa = PBXFileReference; lastKnownFileType = sourcecode.swift; path = TableViewCell.swift; sourceTree = "<group>"; };
		525C84D8220C3B0600953458 /* MapViewController.swift */ = {isa = PBXFileReference; lastKnownFileType = sourcecode.swift; path = MapViewController.swift; sourceTree = "<group>"; };
		527B8FE7220423D1009BCEB0 /* MainTableViewController.swift */ = {isa = PBXFileReference; lastKnownFileType = sourcecode.swift; path = MainTableViewController.swift; sourceTree = "<group>"; };
		527B8FEB22055F37009BCEB0 /* MedicineZ-Bridging-Header.h */ = {isa = PBXFileReference; lastKnownFileType = sourcecode.c.h; path = "MedicineZ-Bridging-Header.h"; sourceTree = "<group>"; };
		527B8FEC22055F38009BCEB0 /* MedicineZ-Bridging-Header.m */ = {isa = PBXFileReference; lastKnownFileType = sourcecode.c.objc; path = "MedicineZ-Bridging-Header.m"; sourceTree = "<group>"; };
		527B8FEF2205671A009BCEB0 /* libsqlite3.tbd */ = {isa = PBXFileReference; lastKnownFileType = "sourcecode.text-based-dylib-definition"; name = libsqlite3.tbd; path = usr/lib/libsqlite3.tbd; sourceTree = SDKROOT; };
		52E47352220B02AB00C8D8B7 /* DataCenter.swift */ = {isa = PBXFileReference; lastKnownFileType = sourcecode.swift; path = DataCenter.swift; sourceTree = "<group>"; };
		52F3D1BC220D64D8007D2F20 /* AlarmRepetitionTableViewController.swift */ = {isa = PBXFileReference; lastKnownFileType = sourcecode.swift; path = AlarmRepetitionTableViewController.swift; sourceTree = "<group>"; };
		52F3D1C422100E8C007D2F20 /* AlarmInfoTableViewController.swift */ = {isa = PBXFileReference; lastKnownFileType = sourcecode.swift; path = AlarmInfoTableViewController.swift; sourceTree = "<group>"; };
		52F519812212FBBE00F8CD40 /* OTPViewController.swift */ = {isa = PBXFileReference; lastKnownFileType = sourcecode.swift; path = OTPViewController.swift; sourceTree = "<group>"; };
		52F51985221305A700F8CD40 /* SoundSettingTableViewController.swift */ = {isa = PBXFileReference; lastKnownFileType = sourcecode.swift; path = SoundSettingTableViewController.swift; sourceTree = "<group>"; };
		52F519892213FEEE00F8CD40 /* Pharmacy.swift */ = {isa = PBXFileReference; lastKnownFileType = sourcecode.swift; path = Pharmacy.swift; sourceTree = "<group>"; };
		52F5198B221437C600F8CD40 /* pharmacy.json */ = {isa = PBXFileReference; fileEncoding = 4; lastKnownFileType = text.json; path = pharmacy.json; sourceTree = "<group>"; };
		52F897EF2202CC4F007E1F0D /* userInfo.swift */ = {isa = PBXFileReference; lastKnownFileType = sourcecode.swift; path = userInfo.swift; sourceTree = "<group>"; };
		52F897F12202CEBA007E1F0D /* AddAlarmTableViewController.swift */ = {isa = PBXFileReference; lastKnownFileType = sourcecode.swift; path = AddAlarmTableViewController.swift; sourceTree = "<group>"; };
/* End PBXFileReference section */

/* Begin PBXFrameworksBuildPhase section */
		5234877D21E82403004BB1F3 /* Frameworks */ = {
			isa = PBXFrameworksBuildPhase;
			buildActionMask = 2147483647;
			files = (
			);
			runOnlyForDeploymentPostprocessing = 0;
		};
/* End PBXFrameworksBuildPhase section */

/* Begin PBXGroup section */
		5234877721E82403004BB1F3 = {
			isa = PBXGroup;
			children = (
				5234878221E82403004BB1F3 /* MedicineZ */,
				5234878121E82403004BB1F3 /* Products */,
				527B8FEE2205671A009BCEB0 /* Frameworks */,
			);
			sourceTree = "<group>";
		};
		5234878121E82403004BB1F3 /* Products */ = {
			isa = PBXGroup;
			children = (
				5234878021E82403004BB1F3 /* MedicineZ.app */,
			);
			name = Products;
			sourceTree = "<group>";
		};
		5234878221E82403004BB1F3 /* MedicineZ */ = {
			isa = PBXGroup;
			children = (
				52F5198B221437C600F8CD40 /* pharmacy.json */,
				5234878321E82403004BB1F3 /* AppDelegate.swift */,
				5234878721E82403004BB1F3 /* Main.storyboard */,
				523746672212914C00346BC5 /* Assets.xcassets */,
				5234878C21E82404004BB1F3 /* LaunchScreen.storyboard */,
				5234878F21E82404004BB1F3 /* Info.plist */,
				52374665221197A100346BC5 /* Data */,
				52374663221196F500346BC5 /* Add */,
				52374666221197B000346BC5 /* Main */,
				527B8FEC22055F38009BCEB0 /* MedicineZ-Bridging-Header.m */,
				527B8FEB22055F37009BCEB0 /* MedicineZ-Bridging-Header.h */,
				525C84D8220C3B0600953458 /* MapViewController.swift */,
				523746622211968B00346BC5 /* Edit */,
				523746642211977D00346BC5 /* Search */,
				52F5197E2212FB3200F8CD40 /* Setting */,
			);
			path = MedicineZ;
			sourceTree = "<group>";
		};
		523746622211968B00346BC5 /* Edit */ = {
			isa = PBXGroup;
			children = (
				5237465A22116CF900346BC5 /* EditAlarmInfoTableViewController.swift */,
				5237465C221185D900346BC5 /* EditAlarmRepetitionTableViewController.swift */,
				5237465E2211944300346BC5 /* EditDrugAddTableViewController.swift */,
			);
			path = Edit;
			sourceTree = "<group>";
		};
		52374663221196F500346BC5 /* Add */ = {
			isa = PBXGroup;
			children = (
				52F897F12202CEBA007E1F0D /* AddAlarmTableViewController.swift */,
				52F3D1BC220D64D8007D2F20 /* AlarmRepetitionTableViewController.swift */,
				520FA24222103E31004CD515 /* DrugAddTableViewController.swift */,
			);
			path = Add;
			sourceTree = "<group>";
		};
		523746642211977D00346BC5 /* Search */ = {
			isa = PBXGroup;
			children = (
				520FA24022103E31004CD515 /* DrugInfoTableViewController.swift */,
				520FA23F22103E31004CD515 /* SearchTableViewController.swift */,
				520FA24122103E31004CD515 /* WebViewController.swift */,
			);
			path = Search;
			sourceTree = "<group>";
		};
		52374665221197A100346BC5 /* Data */ = {
			isa = PBXGroup;
			children = (
				52F897EF2202CC4F007E1F0D /* userInfo.swift */,
				52E47352220B02AB00C8D8B7 /* DataCenter.swift */,
				52F519892213FEEE00F8CD40 /* Pharmacy.swift */,
			);
			path = Data;
			sourceTree = "<group>";
		};
		52374666221197B000346BC5 /* Main */ = {
			isa = PBXGroup;
			children = (
				527B8FE7220423D1009BCEB0 /* MainTableViewController.swift */,
				525C84D6220C275F00953458 /* TableViewCell.swift */,
				52F3D1C422100E8C007D2F20 /* AlarmInfoTableViewController.swift */,
			);
			path = Main;
			sourceTree = "<group>";
		};
		527B8FEE2205671A009BCEB0 /* Frameworks */ = {
			isa = PBXGroup;
			children = (
				52374655221162C200346BC5 /* UserNotifications.framework */,
				527B8FEF2205671A009BCEB0 /* libsqlite3.tbd */,
			);
			name = Frameworks;
			sourceTree = "<group>";
		};
		52F5197E2212FB3200F8CD40 /* Setting */ = {
			isa = PBXGroup;
			children = (
				52F519812212FBBE00F8CD40 /* OTPViewController.swift */,
				52F51985221305A700F8CD40 /* SoundSettingTableViewController.swift */,
			);
			path = Setting;
			sourceTree = "<group>";
		};
/* End PBXGroup section */

/* Begin PBXNativeTarget section */
		5234877F21E82403004BB1F3 /* MedicineZ */ = {
			isa = PBXNativeTarget;
			buildConfigurationList = 5234879221E82404004BB1F3 /* Build configuration list for PBXNativeTarget "MedicineZ" */;
			buildPhases = (
				5234877C21E82403004BB1F3 /* Sources */,
				5234877D21E82403004BB1F3 /* Frameworks */,
				5234877E21E82403004BB1F3 /* Resources */,
			);
			buildRules = (
			);
			dependencies = (
			);
			name = MedicineZ;
			productName = MedicineZ;
			productReference = 5234878021E82403004BB1F3 /* MedicineZ.app */;
			productType = "com.apple.product-type.application";
		};
/* End PBXNativeTarget section */

/* Begin PBXProject section */
		5234877821E82403004BB1F3 /* Project object */ = {
			isa = PBXProject;
			attributes = {
				LastSwiftUpdateCheck = 1010;
				LastUpgradeCheck = 1010;
				ORGANIZATIONNAME = CAU;
				TargetAttributes = {
					5234877F21E82403004BB1F3 = {
						CreatedOnToolsVersion = 10.1;
						LastSwiftMigration = 1010;
					};
				};
			};
			buildConfigurationList = 5234877B21E82403004BB1F3 /* Build configuration list for PBXProject "MedicineZ" */;
			compatibilityVersion = "Xcode 9.3";
			developmentRegion = en;
			hasScannedForEncodings = 0;
			knownRegions = (
				en,
				Base,
			);
			mainGroup = 5234877721E82403004BB1F3;
			productRefGroup = 5234878121E82403004BB1F3 /* Products */;
			projectDirPath = "";
			projectRoot = "";
			targets = (
				5234877F21E82403004BB1F3 /* MedicineZ */,
			);
		};
/* End PBXProject section */

/* Begin PBXResourcesBuildPhase section */
		5234877E21E82403004BB1F3 /* Resources */ = {
			isa = PBXResourcesBuildPhase;
			buildActionMask = 2147483647;
			files = (
				5234878E21E82404004BB1F3 /* LaunchScreen.storyboard in Resources */,
				523746682212914D00346BC5 /* Assets.xcassets in Resources */,
				52F5198C221437C600F8CD40 /* pharmacy.json in Resources */,
				5234878921E82403004BB1F3 /* Main.storyboard in Resources */,
			);
			runOnlyForDeploymentPostprocessing = 0;
		};
/* End PBXResourcesBuildPhase section */

/* Begin PBXSourcesBuildPhase section */
		5234877C21E82403004BB1F3 /* Sources */ = {
			isa = PBXSourcesBuildPhase;
			buildActionMask = 2147483647;
			files = (
				52F3D1C522100E8C007D2F20 /* AlarmInfoTableViewController.swift in Sources */,
				52E47353220B02AB00C8D8B7 /* DataCenter.swift in Sources */,
				520FA24622103E32004CD515 /* DrugAddTableViewController.swift in Sources */,
				527B8FED22055F38009BCEB0 /* MedicineZ-Bridging-Header.m in Sources */,
				52F3D1BD220D64D8007D2F20 /* AlarmRepetitionTableViewController.swift in Sources */,
				5237465D221185D900346BC5 /* EditAlarmRepetitionTableViewController.swift in Sources */,
				52F51986221305A700F8CD40 /* SoundSettingTableViewController.swift in Sources */,
				52F897F02202CC4F007E1F0D /* userInfo.swift in Sources */,
				527B8FE8220423D1009BCEB0 /* MainTableViewController.swift in Sources */,
				525C84D9220C3B0600953458 /* MapViewController.swift in Sources */,
				5237465F2211944300346BC5 /* EditDrugAddTableViewController.swift in Sources */,
				5237465B22116CF900346BC5 /* EditAlarmInfoTableViewController.swift in Sources */,
				52F519822212FBBE00F8CD40 /* OTPViewController.swift in Sources */,
				52F897F22202CEBA007E1F0D /* AddAlarmTableViewController.swift in Sources */,
				520FA24322103E32004CD515 /* SearchTableViewController.swift in Sources */,
				520FA24522103E32004CD515 /* WebViewController.swift in Sources */,
				525C84D7220C275F00953458 /* TableViewCell.swift in Sources */,
				5234878421E82403004BB1F3 /* AppDelegate.swift in Sources */,
				52F5198A2213FEEE00F8CD40 /* Pharmacy.swift in Sources */,
				520FA24422103E32004CD515 /* DrugInfoTableViewController.swift in Sources */,
			);
			runOnlyForDeploymentPostprocessing = 0;
		};
/* End PBXSourcesBuildPhase section */

/* Begin PBXVariantGroup section */
		5234878721E82403004BB1F3 /* Main.storyboard */ = {
			isa = PBXVariantGroup;
			children = (
				5234878821E82403004BB1F3 /* Base */,
			);
			name = Main.storyboard;
			sourceTree = "<group>";
		};
		5234878C21E82404004BB1F3 /* LaunchScreen.storyboard */ = {
			isa = PBXVariantGroup;
			children = (
				5234878D21E82404004BB1F3 /* Base */,
			);
			name = LaunchScreen.storyboard;
			sourceTree = "<group>";
		};
/* End PBXVariantGroup section */

/* Begin XCBuildConfiguration section */
		5234879021E82404004BB1F3 /* Debug */ = {
			isa = XCBuildConfiguration;
			buildSettings = {
				ALWAYS_SEARCH_USER_PATHS = NO;
				CLANG_ANALYZER_NONNULL = YES;
				CLANG_ANALYZER_NUMBER_OBJECT_CONVERSION = YES_AGGRESSIVE;
				CLANG_CXX_LANGUAGE_STANDARD = "gnu++14";
				CLANG_CXX_LIBRARY = "libc++";
				CLANG_ENABLE_MODULES = YES;
				CLANG_ENABLE_OBJC_ARC = YES;
				CLANG_ENABLE_OBJC_WEAK = YES;
				CLANG_WARN_BLOCK_CAPTURE_AUTORELEASING = YES;
				CLANG_WARN_BOOL_CONVERSION = YES;
				CLANG_WARN_COMMA = YES;
				CLANG_WARN_CONSTANT_CONVERSION = YES;
				CLANG_WARN_DEPRECATED_OBJC_IMPLEMENTATIONS = YES;
				CLANG_WARN_DIRECT_OBJC_ISA_USAGE = YES_ERROR;
				CLANG_WARN_DOCUMENTATION_COMMENTS = YES;
				CLANG_WARN_EMPTY_BODY = YES;
				CLANG_WARN_ENUM_CONVERSION = YES;
				CLANG_WARN_INFINITE_RECURSION = YES;
				CLANG_WARN_INT_CONVERSION = YES;
				CLANG_WARN_NON_LITERAL_NULL_CONVERSION = YES;
				CLANG_WARN_OBJC_IMPLICIT_RETAIN_SELF = YES;
				CLANG_WARN_OBJC_LITERAL_CONVERSION = YES;
				CLANG_WARN_OBJC_ROOT_CLASS = YES_ERROR;
				CLANG_WARN_RANGE_LOOP_ANALYSIS = YES;
				CLANG_WARN_STRICT_PROTOTYPES = YES;
				CLANG_WARN_SUSPICIOUS_MOVE = YES;
				CLANG_WARN_UNGUARDED_AVAILABILITY = YES_AGGRESSIVE;
				CLANG_WARN_UNREACHABLE_CODE = YES;
				CLANG_WARN__DUPLICATE_METHOD_MATCH = YES;
				CODE_SIGN_IDENTITY = "iPhone Developer";
				COPY_PHASE_STRIP = NO;
				DEBUG_INFORMATION_FORMAT = dwarf;
				ENABLE_STRICT_OBJC_MSGSEND = YES;
				ENABLE_TESTABILITY = YES;
				GCC_C_LANGUAGE_STANDARD = gnu11;
				GCC_DYNAMIC_NO_PIC = NO;
				GCC_NO_COMMON_BLOCKS = YES;
				GCC_OPTIMIZATION_LEVEL = 0;
				GCC_PREPROCESSOR_DEFINITIONS = (
					"DEBUG=1",
					"$(inherited)",
				);
				GCC_WARN_64_TO_32_BIT_CONVERSION = YES;
				GCC_WARN_ABOUT_RETURN_TYPE = YES_ERROR;
				GCC_WARN_UNDECLARED_SELECTOR = YES;
				GCC_WARN_UNINITIALIZED_AUTOS = YES_AGGRESSIVE;
				GCC_WARN_UNUSED_FUNCTION = YES;
				GCC_WARN_UNUSED_VARIABLE = YES;
				IPHONEOS_DEPLOYMENT_TARGET = 12.1;
				MTL_ENABLE_DEBUG_INFO = INCLUDE_SOURCE;
				MTL_FAST_MATH = YES;
				ONLY_ACTIVE_ARCH = YES;
				SDKROOT = iphoneos;
				SWIFT_ACTIVE_COMPILATION_CONDITIONS = DEBUG;
				SWIFT_OPTIMIZATION_LEVEL = "-Onone";
			};
			name = Debug;
		};
		5234879121E82404004BB1F3 /* Release */ = {
			isa = XCBuildConfiguration;
			buildSettings = {
				ALWAYS_SEARCH_USER_PATHS = NO;
				CLANG_ANALYZER_NONNULL = YES;
				CLANG_ANALYZER_NUMBER_OBJECT_CONVERSION = YES_AGGRESSIVE;
				CLANG_CXX_LANGUAGE_STANDARD = "gnu++14";
				CLANG_CXX_LIBRARY = "libc++";
				CLANG_ENABLE_MODULES = YES;
				CLANG_ENABLE_OBJC_ARC = YES;
				CLANG_ENABLE_OBJC_WEAK = YES;
				CLANG_WARN_BLOCK_CAPTURE_AUTORELEASING = YES;
				CLANG_WARN_BOOL_CONVERSION = YES;
				CLANG_WARN_COMMA = YES;
				CLANG_WARN_CONSTANT_CONVERSION = YES;
				CLANG_WARN_DEPRECATED_OBJC_IMPLEMENTATIONS = YES;
				CLANG_WARN_DIRECT_OBJC_ISA_USAGE = YES_ERROR;
				CLANG_WARN_DOCUMENTATION_COMMENTS = YES;
				CLANG_WARN_EMPTY_BODY = YES;
				CLANG_WARN_ENUM_CONVERSION = YES;
				CLANG_WARN_INFINITE_RECURSION = YES;
				CLANG_WARN_INT_CONVERSION = YES;
				CLANG_WARN_NON_LITERAL_NULL_CONVERSION = YES;
				CLANG_WARN_OBJC_IMPLICIT_RETAIN_SELF = YES;
				CLANG_WARN_OBJC_LITERAL_CONVERSION = YES;
				CLANG_WARN_OBJC_ROOT_CLASS = YES_ERROR;
				CLANG_WARN_RANGE_LOOP_ANALYSIS = YES;
				CLANG_WARN_STRICT_PROTOTYPES = YES;
				CLANG_WARN_SUSPICIOUS_MOVE = YES;
				CLANG_WARN_UNGUARDED_AVAILABILITY = YES_AGGRESSIVE;
				CLANG_WARN_UNREACHABLE_CODE = YES;
				CLANG_WARN__DUPLICATE_METHOD_MATCH = YES;
				CODE_SIGN_IDENTITY = "iPhone Developer";
				COPY_PHASE_STRIP = NO;
				DEBUG_INFORMATION_FORMAT = "dwarf-with-dsym";
				ENABLE_NS_ASSERTIONS = NO;
				ENABLE_STRICT_OBJC_MSGSEND = YES;
				GCC_C_LANGUAGE_STANDARD = gnu11;
				GCC_NO_COMMON_BLOCKS = YES;
				GCC_WARN_64_TO_32_BIT_CONVERSION = YES;
				GCC_WARN_ABOUT_RETURN_TYPE = YES_ERROR;
				GCC_WARN_UNDECLARED_SELECTOR = YES;
				GCC_WARN_UNINITIALIZED_AUTOS = YES_AGGRESSIVE;
				GCC_WARN_UNUSED_FUNCTION = YES;
				GCC_WARN_UNUSED_VARIABLE = YES;
				IPHONEOS_DEPLOYMENT_TARGET = 12.1;
				MTL_ENABLE_DEBUG_INFO = NO;
				MTL_FAST_MATH = YES;
				SDKROOT = iphoneos;
				SWIFT_COMPILATION_MODE = wholemodule;
				SWIFT_OPTIMIZATION_LEVEL = "-O";
				VALIDATE_PRODUCT = YES;
			};
			name = Release;
		};
		5234879321E82404004BB1F3 /* Debug */ = {
			isa = XCBuildConfiguration;
			buildSettings = {
				ASSETCATALOG_COMPILER_APPICON_NAME = AppIcon;
				CLANG_ENABLE_MODULES = YES;
				CODE_SIGN_STYLE = Automatic;
				DEVELOPMENT_TEAM = NQUXN3XA23;
				INFOPLIST_FILE = MedicineZ/Info.plist;
				IPHONEOS_DEPLOYMENT_TARGET = 11.4;
				LD_RUNPATH_SEARCH_PATHS = (
					"$(inherited)",
					"@executable_path/Frameworks",
				);
				PRODUCT_BUNDLE_IDENTIFIER = com.codershigh.minipharmacy;
				PRODUCT_NAME = "$(TARGET_NAME)";
				SWIFT_OBJC_BRIDGING_HEADER = "MedicineZ/MedicineZ-Bridging-Header.h";
				SWIFT_OPTIMIZATION_LEVEL = "-Onone";
				SWIFT_VERSION = 4.2;
				TARGETED_DEVICE_FAMILY = "1,2";
			};
			name = Debug;
		};
		5234879421E82404004BB1F3 /* Release */ = {
			isa = XCBuildConfiguration;
			buildSettings = {
				ASSETCATALOG_COMPILER_APPICON_NAME = AppIcon;
				CLANG_ENABLE_MODULES = YES;
				CODE_SIGN_STYLE = Automatic;
				DEVELOPMENT_TEAM = NQUXN3XA23;
				INFOPLIST_FILE = MedicineZ/Info.plist;
				IPHONEOS_DEPLOYMENT_TARGET = 11.4;
				LD_RUNPATH_SEARCH_PATHS = (
					"$(inherited)",
					"@executable_path/Frameworks",
				);
				PRODUCT_BUNDLE_IDENTIFIER = com.codershigh.minipharmacy;
				PRODUCT_NAME = "$(TARGET_NAME)";
				SWIFT_OBJC_BRIDGING_HEADER = "MedicineZ/MedicineZ-Bridging-Header.h";
				SWIFT_VERSION = 4.2;
				TARGETED_DEVICE_FAMILY = "1,2";
			};
			name = Release;
		};
/* End XCBuildConfiguration section */

/* Begin XCConfigurationList section */
		5234877B21E82403004BB1F3 /* Build configuration list for PBXProject "MedicineZ" */ = {
			isa = XCConfigurationList;
			buildConfigurations = (
				5234879021E82404004BB1F3 /* Debug */,
				5234879121E82404004BB1F3 /* Release */,
			);
			defaultConfigurationIsVisible = 0;
			defaultConfigurationName = Release;
		};
		5234879221E82404004BB1F3 /* Build configuration list for PBXNativeTarget "MedicineZ" */ = {
			isa = XCConfigurationList;
			buildConfigurations = (
				5234879321E82404004BB1F3 /* Debug */,
				5234879421E82404004BB1F3 /* Release */,
			);
			defaultConfigurationIsVisible = 0;
			defaultConfigurationName = Release;
		};
/* End XCConfigurationList section */
	};
	rootObject = 5234877821E82403004BB1F3 /* Project object */;
}
